{
	"name": "smt-lib",
	"version": "0.0.1",
	"lockfileVersion": 1,
	"requires": true,
	"dependencies": {
		"@types/node": {
			"version": "14.14.28",
			"resolved": "https://registry.npmjs.org/@types/node/-/node-14.14.28.tgz",
			"integrity": "sha512-lg55ArB+ZiHHbBBttLpzD07akz0QPrZgUODNakeC09i62dnrywr9mFErHuaPlB6I7z+sEbK+IYmplahvplCj2g==",
			"dev": true
		},
		"@types/vscode": {
			"version": "1.53.0",
			"resolved": "https://registry.npmjs.org/@types/vscode/-/vscode-1.53.0.tgz",
			"integrity": "sha512-XjFWbSPOM0EKIT2XhhYm3D3cx3nn3lshMUcWNy1eqefk+oqRuBq8unVb6BYIZqXy9lQZyeUl7eaBCOZWv+LcXQ==",
			"dev": true
		},
		"sexp": {
			"version": "0.1.5",
			"resolved": "https://registry.npmjs.org/sexp/-/sexp-0.1.5.tgz",
			"integrity": "sha1-tqPT9AmN8VxP0B1wktsv0UY4vXU="
		},
		"typescript": {
			"version": "4.1.5",
			"resolved": "https://registry.npmjs.org/typescript/-/typescript-4.1.5.tgz",
			"integrity": "sha512-6OSu9PTIzmn9TCDiovULTnET6BgXtDYL4Gg4szY+cGsc3JP1dQL8qvE8kShTRx1NIw4Q9IBHlwODjkjWEtMUyA==",
			"dev": true
		}
	}
}
